
Microsoft Visual Studio Solution File, Format Version 12.00
# Visual Studio Version 17
VisualStudioVersion = 17.11.35312.102
MinimumVisualStudioVersion = 10.0.40219.1
Project("{FAE04EC0-301F-11D3-BF4B-00C04F79EFBC}") = "BMS", "BMS.csproj", "{6EF7C90A-AB47-4444-8E06-BFC59BE0E25A}"
EndProject
Global
	GlobalSection(SolutionConfigurationPlatforms) = preSolution
		Debug|Any CPU = Debug|Any CPU
		Release|Any CPU = Release|Any CPU
	EndGlobalSection
	GlobalSection(ProjectConfigurationPlatforms) = postSolution
		{6EF7C90A-AB47-4444-8E06-BFC59BE0E25A}.Debug|Any CPU.ActiveCfg = Debug|Any CPU
		{6EF7C90A-AB47-4444-8E06-BFC59BE0E25A}.Debug|Any CPU.Build.0 = Debug|Any CPU
		{6EF7C90A-AB47-4444-8E06-BFC59BE0E25A}.Release|Any CPU.ActiveCfg = Release|Any CPU
		{6EF7C90A-AB47-4444-8E06-BFC59BE0E25A}.Release|Any CPU.Build.0 = Release|Any CPU
	EndGlobalSection
	GlobalSection(SolutionProperties) = preSolution
		HideSolutionNode = FALSE
	EndGlobalSection
	GlobalSection(ExtensibilityGlobals) = postSolution
		SolutionGuid = {2A81660B-8491-4413-B552-431F0EBA3618}
	EndGlobalSection
EndGlobal
